
Microsoft Visual Studio Solution File, Format Version 12.00
# Visual Studio Version 17
VisualStudioVersion = 17.8.34330.188
MinimumVisualStudioVersion = 10.0.40219.1
Project("{FAE04EC0-301F-11D3-BF4B-00C04F79EFBC}") = "ChatGPT", "ChatGPT.csproj", "{CEA4AB77-84CB-4662-A5B8-7D71182A5296}"
EndProject
Global
	GlobalSection(SolutionConfigurationPlatforms) = preSolution
		Debug|Any CPU = Debug|Any CPU
		Release|Any CPU = Release|Any CPU
	EndGlobalSection
	GlobalSection(ProjectConfigurationPlatforms) = postSolution
		{CEA4AB77-84CB-4662-A5B8-7D71182A5296}.Debug|Any CPU.ActiveCfg = Debug|Any CPU
		{CEA4AB77-84CB-4662-A5B8-7D71182A5296}.Debug|Any CPU.Build.0 = Debug|Any CPU
		{CEA4AB77-84CB-4662-A5B8-7D71182A5296}.Debug|Any CPU.Deploy.0 = Debug|Any CPU
		{CEA4AB77-84CB-4662-A5B8-7D71182A5296}.Release|Any CPU.ActiveCfg = Release|Any CPU
		{CEA4AB77-84CB-4662-A5B8-7D71182A5296}.Release|Any CPU.Build.0 = Release|Any CPU
		{CEA4AB77-84CB-4662-A5B8-7D71182A5296}.Release|Any CPU.Deploy.0 = Release|Any CPU
	EndGlobalSection
	GlobalSection(SolutionProperties) = preSolution
		HideSolutionNode = FALSE
	EndGlobalSection
	GlobalSection(ExtensibilityGlobals) = postSolution
		SolutionGuid = {B0B0D1C3-E4DF-4A6F-B3E3-67C9107DF77F}
	EndGlobalSection
EndGlobal
